{
  "nodes": {
    "argononed": {
      "flake": false,
      "locked": {
        "lastModified": 1729566243,
        "narHash": "sha256-DPNI0Dpk5aym3Baf5UbEe5GENDrSmmXVdriRSWE+rgk=",
        "owner": "nvmd",
        "repo": "argononed",
        "rev": "16dbee54d49b66d5654d228d1061246b440ef7cf",
        "type": "github"
      },
      "original": {
        "owner": "nvmd",
        "repo": "argononed",
        "type": "github"
      }
    },
    "nixpkgs": {
      "locked": {
        "lastModified": 1741394973,
        "narHash": "sha256-MFBmgOzd1MN5EDM4B5o9rVeuo/kXyd5zNd0+lbZCB20=",
        "owner": "nvmd",
        "repo": "nixpkgs",
        "rev": "8976ba2aacc5bda227ee308f0bbf247ea8c6746a",
        "type": "github"
      },
      "original": {
        "owner": "nvmd",
        "ref": "modules-with-keys",
        "repo": "nixpkgs",
        "type": "github"
      }
    },
    "root": {
      "inputs": {
        "argononed": "argononed",
        "nixpkgs": "nixpkgs"
      }
    }
  },
  "root": "root",
  "version": 7
}
