name: "Update flake.lock"

on:
  workflow_dispatch:
  schedule:
    - cron: "0 0 * * 0" # run at 00:00 every Sunday

jobs:
  update-flake-lock:
    permissions:
      contents: write
      pull-requests: write
    runs-on: ubuntu-latest
    steps:
      - uses: actions/checkout@de0fac2e4500dabe0009e67214ff5f5447ce83dd # v6.0.2
      - uses: DeterminateSystems/determinate-nix-action@131015bad844610e5e6300f8a143bf625d3e74f4 # v3.17.0
      - uses: DeterminateSystems/update-flake-lock@834c491b2ece4de0bbd00d85214bb5e83b4da5c6 # v28
